// !$*UTF8*$!
{
	archiveVersion = 1;
	classes = {
	};
	objectVersion = 46;
	objects = {

/* Begin PBXBuildFile section */
		E9138C1E15202FB500DFF65F /* cube.png in Resources */ = {isa = PBXBuildFile; fileRef = E9138C1D15202FB500DFF65F /* cube.png */; };
		E9138C201520306100DFF65F /* portrait.PNG in Resources */ = {isa = PBXBuildFile; fileRef = E9138C1F1520306100DFF65F /* portrait.PNG */; };
		E9138C24152030D500DFF65F /* Default-Portrait~ipad.png in Resources */ = {isa = PBXBuildFile; fileRef = E9138C23152030D500DFF65F /* Default-Portrait~ipad.png */; };
		E9138C26152030DD00DFF65F /* Default-Portrait@2x~ipad.png in Resources */ = {isa = PBXBuildFile; fileRef = E9138C25152030DD00DFF65F /* Default-Portrait@2x~ipad.png */; };
		E9138C28152032A600DFF65F /* cube-ipad-retina.png in Resources */ = {isa = PBXBuildFile; fileRef = E9138C27152032A600DFF65F /* cube-ipad-retina.png */; };
		E9138C2A1520337600DFF65F /* cube-ipad.png in Resources */ = {isa = PBXBuildFile; fileRef = E9138C291520337600DFF65F /* cube-ipad.png */; };
		E94D35CD1511331400F52664 /* SpinningBoxView.m in Sources */ = {isa = PBXBuildFile; fileRef = E94D35CC1511331300F52664 /* SpinningBoxView.m */; };
		E94D35CE151133BB00F52664 /* Boxes.vsh in Resources */ = {isa = PBXBuildFile; fileRef = E94D35C9151132C300F52664 /* Boxes.vsh */; };
		E94D35CF151133C100F52664 /* Phong.vsh in Resources */ = {isa = PBXBuildFile; fileRef = E94D35C7151132B700F52664 /* Phong.vsh */; };
		E94D35D21511442100F52664 /* Phong.fsh in Resources */ = {isa = PBXBuildFile; fileRef = E94D35D01511441600F52664 /* Phong.fsh */; };
		E981B2B41512C50600176A1B /* NSInvocation+Shorthand.m in Sources */ = {isa = PBXBuildFile; fileRef = E981B2B31512C50600176A1B /* NSInvocation+Shorthand.m */; };
		E9871708150FE6CE0096089A /* CubeView.mm in Sources */ = {isa = PBXBuildFile; fileRef = E9871707150FE6CE0096089A /* CubeView.mm */; };
		E987170C151003010096089A /* ModelView.mm in Sources */ = {isa = PBXBuildFile; fileRef = E987170B151003010096089A /* ModelView.mm */; };
		E99EB6291527B8AF00A1FB12 /* TrackballGestureRecognizer.m in Sources */ = {isa = PBXBuildFile; fileRef = E99EB6281527B8AF00A1FB12 /* TrackballGestureRecognizer.m */; };
		E9AE473C150DDB0600146D3D /* UIKit.framework in Frameworks */ = {isa = PBXBuildFile; fileRef = E9AE473B150DDB0600146D3D /* UIKit.framework */; };
		E9AE473E150DDB0600146D3D /* Foundation.framework in Frameworks */ = {isa = PBXBuildFile; fileRef = E9AE473D150DDB0600146D3D /* Foundation.framework */; };
		E9AE4740150DDB0600146D3D /* CoreGraphics.framework in Frameworks */ = {isa = PBXBuildFile; fileRef = E9AE473F150DDB0600146D3D /* CoreGraphics.framework */; };
		E9AE4742150DDB0600146D3D /* GLKit.framework in Frameworks */ = {isa = PBXBuildFile; fileRef = E9AE4741150DDB0600146D3D /* GLKit.framework */; };
		E9AE4744150DDB0600146D3D /* OpenGLES.framework in Frameworks */ = {isa = PBXBuildFile; fileRef = E9AE4743150DDB0600146D3D /* OpenGLES.framework */; };
		E9AE474A150DDB0600146D3D /* InfoPlist.strings in Resources */ = {isa = PBXBuildFile; fileRef = E9AE4748150DDB0600146D3D /* InfoPlist.strings */; };
		E9AE474C150DDB0600146D3D /* main.m in Sources */ = {isa = PBXBuildFile; fileRef = E9AE474B150DDB0600146D3D /* main.m */; };
		E9AE4750150DDB0600146D3D /* AppDelegate.m in Sources */ = {isa = PBXBuildFile; fileRef = E9AE474F150DDB0600146D3D /* AppDelegate.m */; };
		E9AE4753150DDB0600146D3D /* MainStoryboard_iPhone.storyboard in Resources */ = {isa = PBXBuildFile; fileRef = E9AE4751150DDB0600146D3D /* MainStoryboard_iPhone.storyboard */; };
		E9AE4756150DDB0600146D3D /* MainStoryboard_iPad.storyboard in Resources */ = {isa = PBXBuildFile; fileRef = E9AE4754150DDB0600146D3D /* MainStoryboard_iPad.storyboard */; };
		E9AE4758150DDB0600146D3D /* Boxes.fsh in Resources */ = {isa = PBXBuildFile; fileRef = E9AE4757150DDB0600146D3D /* Boxes.fsh */; };
		E9AE475D150DDB0600146D3D /* SceneView.mm in Sources */ = {isa = PBXBuildFile; fileRef = E9AE475C150DDB0600146D3D /* SceneView.mm */; };
		E9AE4765150DDB0600146D3D /* SenTestingKit.framework in Frameworks */ = {isa = PBXBuildFile; fileRef = E9AE4764150DDB0600146D3D /* SenTestingKit.framework */; };
		E9AE4766150DDB0600146D3D /* UIKit.framework in Frameworks */ = {isa = PBXBuildFile; fileRef = E9AE473B150DDB0600146D3D /* UIKit.framework */; };
		E9AE4767150DDB0600146D3D /* Foundation.framework in Frameworks */ = {isa = PBXBuildFile; fileRef = E9AE473D150DDB0600146D3D /* Foundation.framework */; };
		E9AE476F150DDB0600146D3D /* InfoPlist.strings in Resources */ = {isa = PBXBuildFile; fileRef = E9AE476D150DDB0600146D3D /* InfoPlist.strings */; };
		E9AE4772150DDB0600146D3D /* CubeModelTests.mm in Sources */ = {isa = PBXBuildFile; fileRef = E9AE4771150DDB0600146D3D /* CubeModelTests.mm */; };
		E9AE4784150DF86300146D3D /* trackball.c in Sources */ = {isa = PBXBuildFile; fileRef = E9AE4782150DF86300146D3D /* trackball.c */; };
		E9AE4785150DF86300146D3D /* trackball.c in Sources */ = {isa = PBXBuildFile; fileRef = E9AE4782150DF86300146D3D /* trackball.c */; };
		E9AE478F150E63F100146D3D /* CubeModel.cc in Sources */ = {isa = PBXBuildFile; fileRef = E9AE478D150E63F100146D3D /* CubeModel.cc */; };
		E9C4FEC115202DF1007F59AB /* cube-retina.png in Resources */ = {isa = PBXBuildFile; fileRef = E9C4FEC015202DF1007F59AB /* cube-retina.png */; };
		E9C4FEC315202DFE007F59AB /* Default@2x.png in Resources */ = {isa = PBXBuildFile; fileRef = E9C4FEC215202DFE007F59AB /* Default@2x.png */; };
		E9C4FEC515202E57007F59AB /* Default.png in Resources */ = {isa = PBXBuildFile; fileRef = E9C4FEC415202E57007F59AB /* Default.png */; };
		E9E1A53F150ED3AC0012CFF2 /* CubeModel.cc in Sources */ = {isa = PBXBuildFile; fileRef = E9AE478D150E63F100146D3D /* CubeModel.cc */; };
		E9FAA4C415128D59004BD962 /* AnimationQueue.m in Sources */ = {isa = PBXBuildFile; fileRef = E9FAA4C315128D59004BD962 /* AnimationQueue.m */; };
/* End PBXBuildFile section */

/* Begin PBXContainerItemProxy section */
		E9AE4768150DDB0600146D3D /* PBXContainerItemProxy */ = {
			isa = PBXContainerItemProxy;
			containerPortal = E9AE472E150DDB0500146D3D /* Project object */;
			proxyType = 1;
			remoteGlobalIDString = E9AE4736150DDB0600146D3D;
			remoteInfo = TomsCube;
		};
/* End PBXContainerItemProxy section */

/* Begin PBXFileReference section */
		E9138C1D15202FB500DFF65F /* cube.png */ = {isa = PBXFileReference; lastKnownFileType = image.png; path = cube.png; sourceTree = "<group>"; };
		E9138C1F1520306100DFF65F /* portrait.PNG */ = {isa = PBXFileReference; lastKnownFileType = image.png; path = portrait.PNG; sourceTree = "<group>"; };
		E9138C23152030D500DFF65F /* Default-Portrait~ipad.png */ = {isa = PBXFileReference; lastKnownFileType = image.png; name = "Default-Portrait~ipad.png"; path = "../Default-Portrait~ipad.png"; sourceTree = "<group>"; };
		E9138C25152030DD00DFF65F /* Default-Portrait@2x~ipad.png */ = {isa = PBXFileReference; lastKnownFileType = image.png; name = "Default-Portrait@2x~ipad.png"; path = "../Default-Portrait@2x~ipad.png"; sourceTree = "<group>"; };
		E9138C27152032A600DFF65F /* cube-ipad-retina.png */ = {isa = PBXFileReference; lastKnownFileType = image.png; path = "cube-ipad-retina.png"; sourceTree = SOURCE_ROOT; };
		E9138C291520337600DFF65F /* cube-ipad.png */ = {isa = PBXFileReference; lastKnownFileType = image.png; path = "cube-ipad.png"; sourceTree = SOURCE_ROOT; };
		E94D35C7151132B700F52664 /* Phong.vsh */ = {isa = PBXFileReference; fileEncoding = 4; lastKnownFileType = sourcecode.glsl; name = Phong.vsh; path = TomsCube/Shaders/Phong.vsh; sourceTree = "<group>"; };
		E94D35C9151132C300F52664 /* Boxes.vsh */ = {isa = PBXFileReference; fileEncoding = 4; lastKnownFileType = sourcecode.glsl; name = Boxes.vsh; path = TomsCube/Shaders/Boxes.vsh; sourceTree = "<group>"; };
		E94D35CB1511331300F52664 /* SpinningBoxView.h */ = {isa = PBXFileReference; fileEncoding = 4; lastKnownFileType = sourcecode.c.h; name = SpinningBoxView.h; path = TomsCube/SpinningBoxView.h; sourceTree = "<group>"; };
		E94D35CC1511331300F52664 /* SpinningBoxView.m */ = {isa = PBXFileReference; fileEncoding = 4; lastKnownFileType = sourcecode.c.objc; name = SpinningBoxView.m; path = TomsCube/SpinningBoxView.m; sourceTree = "<group>"; };
		E94D35D01511441600F52664 /* Phong.fsh */ = {isa = PBXFileReference; fileEncoding = 4; lastKnownFileType = sourcecode.glsl; path = Phong.fsh; sourceTree = "<group>"; };
		E981B2B21512C50600176A1B /* NSInvocation+Shorthand.h */ = {isa = PBXFileReference; fileEncoding = 4; lastKnownFileType = sourcecode.c.h; name = "NSInvocation+Shorthand.h"; path = "TomsCube/NSInvocation+Shorthand.h"; sourceTree = "<group>"; };
		E981B2B31512C50600176A1B /* NSInvocation+Shorthand.m */ = {isa = PBXFileReference; fileEncoding = 4; lastKnownFileType = sourcecode.c.objc; name = "NSInvocation+Shorthand.m"; path = "TomsCube/NSInvocation+Shorthand.m"; sourceTree = "<group>"; };
		E981B2B51512C54A00176A1B /* CubeEnums.h */ = {isa = PBXFileReference; fileEncoding = 4; lastKnownFileType = sourcecode.c.h; path = CubeEnums.h; sourceTree = "<group>"; };
		E9871706150FE6CE0096089A /* CubeView.hh */ = {isa = PBXFileReference; fileEncoding = 4; lastKnownFileType = sourcecode.cpp.h; name = CubeView.hh; path = TomsCube/CubeView.hh; sourceTree = "<group>"; };
		E9871707150FE6CE0096089A /* CubeView.mm */ = {isa = PBXFileReference; fileEncoding = 4; lastKnownFileType = sourcecode.cpp.objcpp; name = CubeView.mm; path = TomsCube/CubeView.mm; sourceTree = "<group>"; };
		E987170A151003010096089A /* ModelView.hh */ = {isa = PBXFileReference; fileEncoding = 4; lastKnownFileType = sourcecode.cpp.h; name = ModelView.hh; path = TomsCube/ModelView.hh; sourceTree = "<group>"; };
		E987170B151003010096089A /* ModelView.mm */ = {isa = PBXFileReference; fileEncoding = 4; lastKnownFileType = sourcecode.cpp.objcpp; name = ModelView.mm; path = TomsCube/ModelView.mm; sourceTree = "<group>"; };
		E99EB6271527B8AF00A1FB12 /* TrackballGestureRecognizer.h */ = {isa = PBXFileReference; fileEncoding = 4; lastKnownFileType = sourcecode.c.h; path = TrackballGestureRecognizer.h; sourceTree = "<group>"; };
		E99EB6281527B8AF00A1FB12 /* TrackballGestureRecognizer.m */ = {isa = PBXFileReference; fileEncoding = 4; lastKnownFileType = sourcecode.c.objc; path = TrackballGestureRecognizer.m; sourceTree = "<group>"; };
		E9AE4737150DDB0600146D3D /* TomsCube.app */ = {isa = PBXFileReference; explicitFileType = wrapper.application; includeInIndex = 0; path = TomsCube.app; sourceTree = BUILT_PRODUCTS_DIR; };
		E9AE473B150DDB0600146D3D /* UIKit.framework */ = {isa = PBXFileReference; lastKnownFileType = wrapper.framework; name = UIKit.framework; path = System/Library/Frameworks/UIKit.framework; sourceTree = SDKROOT; };
		E9AE473D150DDB0600146D3D /* Foundation.framework */ = {isa = PBXFileReference; lastKnownFileType = wrapper.framework; name = Foundation.framework; path = System/Library/Frameworks/Foundation.framework; sourceTree = SDKROOT; };
		E9AE473F150DDB0600146D3D /* CoreGraphics.framework */ = {isa = PBXFileReference; lastKnownFileType = wrapper.framework; name = CoreGraphics.framework; path = System/Library/Frameworks/CoreGraphics.framework; sourceTree = SDKROOT; };
		E9AE4741150DDB0600146D3D /* GLKit.framework */ = {isa = PBXFileReference; lastKnownFileType = wrapper.framework; name = GLKit.framework; path = System/Library/Frameworks/GLKit.framework; sourceTree = SDKROOT; };
		E9AE4743150DDB0600146D3D /* OpenGLES.framework */ = {isa = PBXFileReference; lastKnownFileType = wrapper.framework; name = OpenGLES.framework; path = System/Library/Frameworks/OpenGLES.framework; sourceTree = SDKROOT; };
		E9AE4747150DDB0600146D3D /* TomsCube-Info.plist */ = {isa = PBXFileReference; lastKnownFileType = text.plist.xml; path = "TomsCube-Info.plist"; sourceTree = "<group>"; };
		E9AE4749150DDB0600146D3D /* en */ = {isa = PBXFileReference; lastKnownFileType = text.plist.strings; name = en; path = en.lproj/InfoPlist.strings; sourceTree = "<group>"; };
		E9AE474B150DDB0600146D3D /* main.m */ = {isa = PBXFileReference; lastKnownFileType = sourcecode.c.objc; path = main.m; sourceTree = "<group>"; };
		E9AE474D150DDB0600146D3D /* TomsCube-Prefix.pch */ = {isa = PBXFileReference; lastKnownFileType = sourcecode.c.h; path = "TomsCube-Prefix.pch"; sourceTree = "<group>"; };
		E9AE474E150DDB0600146D3D /* AppDelegate.h */ = {isa = PBXFileReference; lastKnownFileType = sourcecode.c.h; path = AppDelegate.h; sourceTree = "<group>"; };
		E9AE474F150DDB0600146D3D /* AppDelegate.m */ = {isa = PBXFileReference; lastKnownFileType = sourcecode.c.objc; path = AppDelegate.m; sourceTree = "<group>"; };
		E9AE4752150DDB0600146D3D /* en */ = {isa = PBXFileReference; lastKnownFileType = file.storyboard; name = en; path = en.lproj/MainStoryboard_iPhone.storyboard; sourceTree = "<group>"; };
		E9AE4755150DDB0600146D3D /* en */ = {isa = PBXFileReference; lastKnownFileType = file.storyboard; name = en; path = en.lproj/MainStoryboard_iPad.storyboard; sourceTree = "<group>"; };
		E9AE4757150DDB0600146D3D /* Boxes.fsh */ = {isa = PBXFileReference; explicitFileType = sourcecode.glsl; name = Boxes.fsh; path = TomsCube/Shaders/Boxes.fsh; sourceTree = "<group>"; };
		E9AE475B150DDB0600146D3D /* SceneView.hh */ = {isa = PBXFileReference; lastKnownFileType = sourcecode.cpp.h; name = SceneView.hh; path = TomsCube/SceneView.hh; sourceTree = "<group>"; };
		E9AE475C150DDB0600146D3D /* SceneView.mm */ = {isa = PBXFileReference; lastKnownFileType = sourcecode.cpp.objcpp; name = SceneView.mm; path = TomsCube/SceneView.mm; sourceTree = "<group>"; };
		E9AE4763150DDB0600146D3D /* TomsCubeTests.octest */ = {isa = PBXFileReference; explicitFileType = wrapper.cfbundle; includeInIndex = 0; path = TomsCubeTests.octest; sourceTree = BUILT_PRODUCTS_DIR; };
		E9AE4764150DDB0600146D3D /* SenTestingKit.framework */ = {isa = PBXFileReference; lastKnownFileType = wrapper.framework; name = SenTestingKit.framework; path = Library/Frameworks/SenTestingKit.framework; sourceTree = DEVELOPER_DIR; };
		E9AE476C150DDB0600146D3D /* TomsCubeTests-Info.plist */ = {isa = PBXFileReference; lastKnownFileType = text.plist.xml; path = "TomsCubeTests-Info.plist"; sourceTree = "<group>"; };
		E9AE476E150DDB0600146D3D /* en */ = {isa = PBXFileReference; lastKnownFileType = text.plist.strings; name = en; path = en.lproj/InfoPlist.strings; sourceTree = "<group>"; };
		E9AE4770150DDB0600146D3D /* CubeModelTests.hh */ = {isa = PBXFileReference; lastKnownFileType = sourcecode.cpp.h; path = CubeModelTests.hh; sourceTree = "<group>"; };
		E9AE4771150DDB0600146D3D /* CubeModelTests.mm */ = {isa = PBXFileReference; lastKnownFileType = sourcecode.cpp.objcpp; path = CubeModelTests.mm; sourceTree = "<group>"; };
		E9AE477B150DDF7F00146D3D /* CubeModel.h */ = {isa = PBXFileReference; fileEncoding = 4; lastKnownFileType = sourcecode.c.h; name = CubeModel.h; path = TomsCube/CubeModel.h; sourceTree = "<group>"; };
		E9AE4782150DF86300146D3D /* trackball.c */ = {isa = PBXFileReference; fileEncoding = 4; lastKnownFileType = sourcecode.c.c; name = trackball.c; path = TomsCube/trackball.c; sourceTree = "<group>"; };
		E9AE4783150DF86300146D3D /* trackball.h */ = {isa = PBXFileReference; fileEncoding = 4; lastKnownFileType = sourcecode.c.h; name = trackball.h; path = TomsCube/trackball.h; sourceTree = "<group>"; };
		E9AE478D150E63F100146D3D /* CubeModel.cc */ = {isa = PBXFileReference; fileEncoding = 4; lastKnownFileType = sourcecode.cpp.cpp; name = CubeModel.cc; path = TomsCube/CubeModel.cc; sourceTree = "<group>"; };
		E9C4FEC015202DF1007F59AB /* cube-retina.png */ = {isa = PBXFileReference; lastKnownFileType = image.png; path = "cube-retina.png"; sourceTree = "<group>"; };
		E9C4FEC215202DFE007F59AB /* Default@2x.png */ = {isa = PBXFileReference; lastKnownFileType = image.png; name = "Default@2x.png"; path = "../Default@2x.png"; sourceTree = "<group>"; };
		E9C4FEC415202E57007F59AB /* Default.png */ = {isa = PBXFileReference; lastKnownFileType = image.png; name = Default.png; path = ../Default.png; sourceTree = "<group>"; };
		E9FAA4C215128D59004BD962 /* AnimationQueue.h */ = {isa = PBXFileReference; fileEncoding = 4; lastKnownFileType = sourcecode.c.h; path = AnimationQueue.h; sourceTree = "<group>"; };
		E9FAA4C315128D59004BD962 /* AnimationQueue.m */ = {isa = PBXFileReference; fileEncoding = 4; lastKnownFileType = sourcecode.c.objc; path = AnimationQueue.m; sourceTree = "<group>"; };
/* End PBXFileReference section */

/* Begin PBXFrameworksBuildPhase section */
		E9AE4734150DDB0600146D3D /* Frameworks */ = {
			isa = PBXFrameworksBuildPhase;
			buildActionMask = 2147483647;
			files = (
				E9AE473C150DDB0600146D3D /* UIKit.framework in Frameworks */,
				E9AE473E150DDB0600146D3D /* Foundation.framework in Frameworks */,
				E9AE4740150DDB0600146D3D /* CoreGraphics.framework in Frameworks */,
				E9AE4742150DDB0600146D3D /* GLKit.framework in Frameworks */,
				E9AE4744150DDB0600146D3D /* OpenGLES.framework in Frameworks */,
			);
			runOnlyForDeploymentPostprocessing = 0;
		};
		E9AE475F150DDB0600146D3D /* Frameworks */ = {
			isa = PBXFrameworksBuildPhase;
			buildActionMask = 2147483647;
			files = (
				E9AE4765150DDB0600146D3D /* SenTestingKit.framework in Frameworks */,
				E9AE4766150DDB0600146D3D /* UIKit.framework in Frameworks */,
				E9AE4767150DDB0600146D3D /* Foundation.framework in Frameworks */,
			);
			runOnlyForDeploymentPostprocessing = 0;
		};
/* End PBXFrameworksBuildPhase section */

/* Begin PBXGroup section */
		E94D35BF1510B00E00F52664 /* DemoCode */ = {
			isa = PBXGroup;
			children = (
				E94D35C9151132C300F52664 /* Boxes.vsh */,
				E9AE4757150DDB0600146D3D /* Boxes.fsh */,
				E94D35CB1511331300F52664 /* SpinningBoxView.h */,
				E94D35CC1511331300F52664 /* SpinningBoxView.m */,
			);
			name = DemoCode;
			sourceTree = "<group>";
		};
		E94D35C01511234700F52664 /* Shaders */ = {
			isa = PBXGroup;
			children = (
				E94D35C7151132B700F52664 /* Phong.vsh */,
				E94D35D01511441600F52664 /* Phong.fsh */,
			);
			name = Shaders;
			sourceTree = "<group>";
		};
		E9871709151002DF0096089A /* Utils */ = {
			isa = PBXGroup;
			children = (
				E9AE4782150DF86300146D3D /* trackball.c */,
				E9AE4783150DF86300146D3D /* trackball.h */,
				E987170A151003010096089A /* ModelView.hh */,
				E987170B151003010096089A /* ModelView.mm */,
				E9AE475B150DDB0600146D3D /* SceneView.hh */,
				E9AE475C150DDB0600146D3D /* SceneView.mm */,
				E981B2B21512C50600176A1B /* NSInvocation+Shorthand.h */,
				E981B2B31512C50600176A1B /* NSInvocation+Shorthand.m */,
			);
			name = Utils;
			sourceTree = "<group>";
		};
		E9AE472C150DDB0500146D3D = {
			isa = PBXGroup;
			children = (
				E94D35C01511234700F52664 /* Shaders */,
				E9871709151002DF0096089A /* Utils */,
				E9E1A527150EC8610012CFF2 /* Cube */,
				E9AE4745150DDB0600146D3D /* Bullshit Apple Glue */,
				E94D35BF1510B00E00F52664 /* DemoCode */,
				E9AE476A150DDB0600146D3D /* Unit Tests */,
				E9AE473A150DDB0600146D3D /* Frameworks */,
				E9AE4738150DDB0600146D3D /* Products */,
			);
			sourceTree = "<group>";
		};
		E9AE4738150DDB0600146D3D /* Products */ = {
			isa = PBXGroup;
			children = (
				E9AE4737150DDB0600146D3D /* TomsCube.app */,
				E9AE4763150DDB0600146D3D /* TomsCubeTests.octest */,
			);
			name = Products;
			sourceTree = "<group>";
		};
		E9AE473A150DDB0600146D3D /* Frameworks */ = {
			isa = PBXGroup;
			children = (
				E9AE473B150DDB0600146D3D /* UIKit.framework */,
				E9AE473D150DDB0600146D3D /* Foundation.framework */,
				E9AE473F150DDB0600146D3D /* CoreGraphics.framework */,
				E9AE4741150DDB0600146D3D /* GLKit.framework */,
				E9AE4743150DDB0600146D3D /* OpenGLES.framework */,
				E9AE4764150DDB0600146D3D /* SenTestingKit.framework */,
			);
			name = Frameworks;
			sourceTree = "<group>";
		};
		E9AE4745150DDB0600146D3D /* Bullshit Apple Glue */ = {
			isa = PBXGroup;
			children = (
				E9AE474E150DDB0600146D3D /* AppDelegate.h */,
				E9AE474F150DDB0600146D3D /* AppDelegate.m */,
				E9AE4751150DDB0600146D3D /* MainStoryboard_iPhone.storyboard */,
				E9AE4754150DDB0600146D3D /* MainStoryboard_iPad.storyboard */,
				E9AE4746150DDB0600146D3D /* Supporting Files */,
			);
			name = "Bullshit Apple Glue";
			path = TomsCube;
			sourceTree = "<group>";
		};
		E9AE4746150DDB0600146D3D /* Supporting Files */ = {
			isa = PBXGroup;
			children = (
				E9138C291520337600DFF65F /* cube-ipad.png */,
				E9138C27152032A600DFF65F /* cube-ipad-retina.png */,
				E9138C25152030DD00DFF65F /* Default-Portrait@2x~ipad.png */,
				E9138C23152030D500DFF65F /* Default-Portrait~ipad.png */,
				E9C4FEC415202E57007F59AB /* Default.png */,
				E9C4FEC215202DFE007F59AB /* Default@2x.png */,
				E9138C1F1520306100DFF65F /* portrait.PNG */,
				E9138C1D15202FB500DFF65F /* cube.png */,
				E9AE4747150DDB0600146D3D /* TomsCube-Info.plist */,
				E9C4FEC015202DF1007F59AB /* cube-retina.png */,
				E9AE4748150DDB0600146D3D /* InfoPlist.strings */,
				E9AE474B150DDB0600146D3D /* main.m */,
				E9AE474D150DDB0600146D3D /* TomsCube-Prefix.pch */,
			);
			name = "Supporting Files";
			sourceTree = "<group>";
		};
		E9AE476A150DDB0600146D3D /* Unit Tests */ = {
			isa = PBXGroup;
			children = (
				E9AE4770150DDB0600146D3D /* CubeModelTests.hh */,
				E9AE4771150DDB0600146D3D /* CubeModelTests.mm */,
				E9AE476B150DDB0600146D3D /* Supporting Files */,
			);
			name = "Unit Tests";
			path = TomsCubeTests;
			sourceTree = "<group>";
		};
		E9AE476B150DDB0600146D3D /* Supporting Files */ = {
			isa = PBXGroup;
			children = (
				E9AE476C150DDB0600146D3D /* TomsCubeTests-Info.plist */,
				E9AE476D150DDB0600146D3D /* InfoPlist.strings */,
			);
			name = "Supporting Files";
			sourceTree = "<group>";
		};
		E9E1A527150EC8610012CFF2 /* Cube */ = {
			isa = PBXGroup;
			children = (
				E9AE477B150DDF7F00146D3D /* CubeModel.h */,
				E9AE478D150E63F100146D3D /* CubeModel.cc */,
				E9871706150FE6CE0096089A /* CubeView.hh */,
				E9871707150FE6CE0096089A /* CubeView.mm */,
				E9FAA4C215128D59004BD962 /* AnimationQueue.h */,
				E9FAA4C315128D59004BD962 /* AnimationQueue.m */,
				E981B2B51512C54A00176A1B /* CubeEnums.h */,
				E99EB6271527B8AF00A1FB12 /* TrackballGestureRecognizer.h */,
				E99EB6281527B8AF00A1FB12 /* TrackballGestureRecognizer.m */,
			);
			name = Cube;
			sourceTree = "<group>";
		};
/* End PBXGroup section */

/* Begin PBXNativeTarget section */
		E9AE4736150DDB0600146D3D /* TomsCube */ = {
			isa = PBXNativeTarget;
			buildConfigurationList = E9AE4775150DDB0600146D3D /* Build configuration list for PBXNativeTarget "TomsCube" */;
			buildPhases = (
				E9AE4733150DDB0600146D3D /* Sources */,
				E9AE4734150DDB0600146D3D /* Frameworks */,
				E9AE4735150DDB0600146D3D /* Resources */,
			);
			buildRules = (
			);
			dependencies = (
			);
			name = TomsCube;
			productName = TomsCube;
			productReference = E9AE4737150DDB0600146D3D /* TomsCube.app */;
			productType = "com.apple.product-type.application";
		};
		E9AE4762150DDB0600146D3D /* TomsCubeTests */ = {
			isa = PBXNativeTarget;
			buildConfigurationList = E9AE4778150DDB0600146D3D /* Build configuration list for PBXNativeTarget "TomsCubeTests" */;
			buildPhases = (
				E9AE475E150DDB0600146D3D /* Sources */,
				E9AE475F150DDB0600146D3D /* Frameworks */,
				E9AE4760150DDB0600146D3D /* Resources */,
				E9AE4761150DDB0600146D3D /* ShellScript */,
			);
			buildRules = (
			);
			dependencies = (
				E9AE4769150DDB0600146D3D /* PBXTargetDependency */,
			);
			name = TomsCubeTests;
			productName = TomsCubeTests;
			productReference = E9AE4763150DDB0600146D3D /* TomsCubeTests.octest */;
			productType = "com.apple.product-type.bundle";
		};
/* End PBXNativeTarget section */

/* Begin PBXProject section */
		E9AE472E150DDB0500146D3D /* Project object */ = {
			isa = PBXProject;
			attributes = {
				LastUpgradeCheck = 0430;
				ORGANIZATIONNAME = Espressobytes;
			};
			buildConfigurationList = E9AE4731150DDB0500146D3D /* Build configuration list for PBXProject "TomsCube" */;
			compatibilityVersion = "Xcode 3.2";
			developmentRegion = English;
			hasScannedForEncodings = 0;
			knownRegions = (
				en,
			);
			mainGroup = E9AE472C150DDB0500146D3D;
			productRefGroup = E9AE4738150DDB0600146D3D /* Products */;
			projectDirPath = "";
			projectRoot = "";
			targets = (
				E9AE4736150DDB0600146D3D /* TomsCube */,
				E9AE4762150DDB0600146D3D /* TomsCubeTests */,
			);
		};
/* End PBXProject section */

/* Begin PBXResourcesBuildPhase section */
		E9AE4735150DDB0600146D3D /* Resources */ = {
			isa = PBXResourcesBuildPhase;
			buildActionMask = 2147483647;
			files = (
				E94D35D21511442100F52664 /* Phong.fsh in Resources */,
				E94D35CF151133C100F52664 /* Phong.vsh in Resources */,
				E94D35CE151133BB00F52664 /* Boxes.vsh in Resources */,
				E9AE474A150DDB0600146D3D /* InfoPlist.strings in Resources */,
				E9AE4753150DDB0600146D3D /* MainStoryboard_iPhone.storyboard in Resources */,
				E9AE4756150DDB0600146D3D /* MainStoryboard_iPad.storyboard in Resources */,
				E9AE4758150DDB0600146D3D /* Boxes.fsh in Resources */,
				E9C4FEC115202DF1007F59AB /* cube-retina.png in Resources */,
				E9C4FEC315202DFE007F59AB /* Default@2x.png in Resources */,
				E9C4FEC515202E57007F59AB /* Default.png in Resources */,
				E9138C1E15202FB500DFF65F /* cube.png in Resources */,
				E9138C201520306100DFF65F /* portrait.PNG in Resources */,
				E9138C24152030D500DFF65F /* Default-Portrait~ipad.png in Resources */,
				E9138C26152030DD00DFF65F /* Default-Portrait@2x~ipad.png in Resources */,
				E9138C28152032A600DFF65F /* cube-ipad-retina.png in Resources */,
				E9138C2A1520337600DFF65F /* cube-ipad.png in Resources */,
			);
			runOnlyForDeploymentPostprocessing = 0;
		};
		E9AE4760150DDB0600146D3D /* Resources */ = {
			isa = PBXResourcesBuildPhase;
			buildActionMask = 2147483647;
			files = (
				E9AE476F150DDB0600146D3D /* InfoPlist.strings in Resources */,
			);
			runOnlyForDeploymentPostprocessing = 0;
		};
/* End PBXResourcesBuildPhase section */

/* Begin PBXShellScriptBuildPhase section */
		E9AE4761150DDB0600146D3D /* ShellScript */ = {
			isa = PBXShellScriptBuildPhase;
			buildActionMask = 2147483647;
			files = (
			);
			inputPaths = (
			);
			outputPaths = (
			);
			runOnlyForDeploymentPostprocessing = 0;
			shellPath = /bin/sh;
			shellScript = "# Run the unit tests in this test bundle.\n\"${SYSTEM_DEVELOPER_DIR}/Tools/RunUnitTests\"\n";
		};
/* End PBXShellScriptBuildPhase section */

/* Begin PBXSourcesBuildPhase section */
		E9AE4733150DDB0600146D3D /* Sources */ = {
			isa = PBXSourcesBuildPhase;
			buildActionMask = 2147483647;
			files = (
				E9AE474C150DDB0600146D3D /* main.m in Sources */,
				E9AE4750150DDB0600146D3D /* AppDelegate.m in Sources */,
				E9AE475D150DDB0600146D3D /* SceneView.mm in Sources */,
				E9AE4784150DF86300146D3D /* trackball.c in Sources */,
				E9AE478F150E63F100146D3D /* CubeModel.cc in Sources */,
				E9871708150FE6CE0096089A /* CubeView.mm in Sources */,
				E987170C151003010096089A /* ModelView.mm in Sources */,
				E94D35CD1511331400F52664 /* SpinningBoxView.m in Sources */,
				E9FAA4C415128D59004BD962 /* AnimationQueue.m in Sources */,
				E981B2B41512C50600176A1B /* NSInvocation+Shorthand.m in Sources */,
				E99EB6291527B8AF00A1FB12 /* TrackballGestureRecognizer.m in Sources */,
			);
			runOnlyForDeploymentPostprocessing = 0;
		};
		E9AE475E150DDB0600146D3D /* Sources */ = {
			isa = PBXSourcesBuildPhase;
			buildActionMask = 2147483647;
			files = (
				E9AE4772150DDB0600146D3D /* CubeModelTests.mm in Sources */,
				E9AE4785150DF86300146D3D /* trackball.c in Sources */,
				E9E1A53F150ED3AC0012CFF2 /* CubeModel.cc in Sources */,
			);
			runOnlyForDeploymentPostprocessing = 0;
		};
/* End PBXSourcesBuildPhase section */

/* Begin PBXTargetDependency section */
		E9AE4769150DDB0600146D3D /* PBXTargetDependency */ = {
			isa = PBXTargetDependency;
			target = E9AE4736150DDB0600146D3D /* TomsCube */;
			targetProxy = E9AE4768150DDB0600146D3D /* PBXContainerItemProxy */;
		};
/* End PBXTargetDependency section */

/* Begin PBXVariantGroup section */
		E9AE4748150DDB0600146D3D /* InfoPlist.strings */ = {
			isa = PBXVariantGroup;
			children = (
				E9AE4749150DDB0600146D3D /* en */,
			);
			name = InfoPlist.strings;
			sourceTree = "<group>";
		};
		E9AE4751150DDB0600146D3D /* MainStoryboard_iPhone.storyboard */ = {
			isa = PBXVariantGroup;
			children = (
				E9AE4752150DDB0600146D3D /* en */,
			);
			name = MainStoryboard_iPhone.storyboard;
			sourceTree = "<group>";
		};
		E9AE4754150DDB0600146D3D /* MainStoryboard_iPad.storyboard */ = {
			isa = PBXVariantGroup;
			children = (
				E9AE4755150DDB0600146D3D /* en */,
			);
			name = MainStoryboard_iPad.storyboard;
			sourceTree = "<group>";
		};
		E9AE476D150DDB0600146D3D /* InfoPlist.strings */ = {
			isa = PBXVariantGroup;
			children = (
				E9AE476E150DDB0600146D3D /* en */,
			);
			name = InfoPlist.strings;
			sourceTree = "<group>";
		};
/* End PBXVariantGroup section */

/* Begin XCBuildConfiguration section */
		E9AE4773150DDB0600146D3D /* Debug */ = {
			isa = XCBuildConfiguration;
			buildSettings = {
				ALWAYS_SEARCH_USER_PATHS = NO;
				ARCHS = "$(ARCHS_STANDARD_32_BIT)";
				CLANG_ENABLE_OBJC_ARC = YES;
				"CODE_SIGN_IDENTITY[sdk=iphoneos*]" = "iPhone Developer";
				COPY_PHASE_STRIP = NO;
				GCC_C_LANGUAGE_STANDARD = gnu99;
				GCC_DYNAMIC_NO_PIC = NO;
				GCC_OPTIMIZATION_LEVEL = 0;
				GCC_PREPROCESSOR_DEFINITIONS = (
					"DEBUG=1",
					"$(inherited)",
				);
				GCC_SYMBOLS_PRIVATE_EXTERN = NO;
				GCC_VERSION = com.apple.compilers.llvm.clang.1_0;
				GCC_WARN_ABOUT_RETURN_TYPE = YES;
				GCC_WARN_UNINITIALIZED_AUTOS = YES;
				GCC_WARN_UNUSED_VARIABLE = YES;
				IPHONEOS_DEPLOYMENT_TARGET = 5.1;
				SDKROOT = iphoneos;
				TARGETED_DEVICE_FAMILY = "1,2";
			};
			name = Debug;
		};
		E9AE4774150DDB0600146D3D /* Release */ = {
			isa = XCBuildConfiguration;
			buildSettings = {
				ALWAYS_SEARCH_USER_PATHS = NO;
				ARCHS = "$(ARCHS_STANDARD_32_BIT)";
				CLANG_ENABLE_OBJC_ARC = YES;
				"CODE_SIGN_IDENTITY[sdk=iphoneos*]" = "iPhone Developer";
				COPY_PHASE_STRIP = YES;
				GCC_C_LANGUAGE_STANDARD = gnu99;
				GCC_VERSION = com.apple.compilers.llvm.clang.1_0;
				GCC_WARN_ABOUT_RETURN_TYPE = YES;
				GCC_WARN_UNINITIALIZED_AUTOS = YES;
				GCC_WARN_UNUSED_VARIABLE = YES;
				IPHONEOS_DEPLOYMENT_TARGET = 5.1;
				OTHER_CFLAGS = "-DNS_BLOCK_ASSERTIONS=1";
				SDKROOT = iphoneos;
				TARGETED_DEVICE_FAMILY = "1,2";
				VALIDATE_PRODUCT = YES;
			};
			name = Release;
		};
		E9AE4776150DDB0600146D3D /* Debug */ = {
			isa = XCBuildConfiguration;
			buildSettings = {
				GCC_PRECOMPILE_PREFIX_HEADER = YES;
				GCC_PREFIX_HEADER = "TomsCube/TomsCube-Prefix.pch";
				"GCC_THUMB_SUPPORT[arch=armv6]" = "";
				INFOPLIST_FILE = "TomsCube/TomsCube-Info.plist";
				PRODUCT_NAME = "$(TARGET_NAME)";
				WRAPPER_EXTENSION = app;
			};
			name = Debug;
		};
		E9AE4777150DDB0600146D3D /* Release */ = {
			isa = XCBuildConfiguration;
			buildSettings = {
				GCC_PRECOMPILE_PREFIX_HEADER = YES;
				GCC_PREFIX_HEADER = "TomsCube/TomsCube-Prefix.pch";
				"GCC_THUMB_SUPPORT[arch=armv6]" = "";
				INFOPLIST_FILE = "TomsCube/TomsCube-Info.plist";
				PRODUCT_NAME = "$(TARGET_NAME)";
				WRAPPER_EXTENSION = app;
			};
			name = Release;
		};
		E9AE4779150DDB0600146D3D /* Debug */ = {
			isa = XCBuildConfiguration;
			buildSettings = {
				FRAMEWORK_SEARCH_PATHS = (
					"$(SDKROOT)/Developer/Library/Frameworks",
					"$(DEVELOPER_LIBRARY_DIR)/Frameworks",
				);
				GCC_PRECOMPILE_PREFIX_HEADER = YES;
				GCC_PREFIX_HEADER = "TomsCube/TomsCube-Prefix.pch";
				INFOPLIST_FILE = "TomsCubeTests/TomsCubeTests-Info.plist";
				PRODUCT_NAME = "$(TARGET_NAME)";
				WRAPPER_EXTENSION = octest;
			};
			name = Debug;
		};
		E9AE477A150DDB0600146D3D /* Release */ = {
			isa = XCBuildConfiguration;
			buildSettings = {
				FRAMEWORK_SEARCH_PATHS = (
					"$(SDKROOT)/Developer/Library/Frameworks",
					"$(DEVELOPER_LIBRARY_DIR)/Frameworks",
				);
				GCC_PRECOMPILE_PREFIX_HEADER = YES;
				GCC_PREFIX_HEADER = "TomsCube/TomsCube-Prefix.pch";
				INFOPLIST_FILE = "TomsCubeTests/TomsCubeTests-Info.plist";
				PRODUCT_NAME = "$(TARGET_NAME)";
				WRAPPER_EXTENSION = octest;
			};
			name = Release;
		};
/* End XCBuildConfiguration section */

/* Begin XCConfigurationList section */
		E9AE4731150DDB0500146D3D /* Build configuration list for PBXProject "TomsCube" */ = {
			isa = XCConfigurationList;
			buildConfigurations = (
				E9AE4773150DDB0600146D3D /* Debug */,
				E9AE4774150DDB0600146D3D /* Release */,
			);
			defaultConfigurationIsVisible = 0;
			defaultConfigurationName = Release;
		};
		E9AE4775150DDB0600146D3D /* Build configuration list for PBXNativeTarget "TomsCube" */ = {
			isa = XCConfigurationList;
			buildConfigurations = (
				E9AE4776150DDB0600146D3D /* Debug */,
				E9AE4777150DDB0600146D3D /* Release */,
			);
			defaultConfigurationIsVisible = 0;
			defaultConfigurationName = Release;
		};
		E9AE4778150DDB0600146D3D /* Build configuration list for PBXNativeTarget "TomsCubeTests" */ = {
			isa = XCConfigurationList;
			buildConfigurations = (
				E9AE4779150DDB0600146D3D /* Debug */,
				E9AE477A150DDB0600146D3D /* Release */,
			);
			defaultConfigurationIsVisible = 0;
			defaultConfigurationName = Release;
		};
/* End XCConfigurationList section */
	};
	rootObject = E9AE472E150DDB0500146D3D /* Project object */;
}
